// !$*UTF8*$!
{
	archiveVersion = 1;
	classes = {
	};
	objectVersion = 46;
	objects = {

/* Begin PBXBuildFile section */
		A1D95F761E66B4F4004FCE14 /* AppDelegate.swift in Sources */ = {isa = PBXBuildFile; fileRef = A1D95F751E66B4F4004FCE14 /* AppDelegate.swift */; };
		A1D95F781E66B4F4004FCE14 /* ViewController.swift in Sources */ = {isa = PBXBuildFile; fileRef = A1D95F771E66B4F4004FCE14 /* ViewController.swift */; };
		A1D95F7B1E66B4F4004FCE14 /* Main.storyboard in Resources */ = {isa = PBXBuildFile; fileRef = A1D95F791E66B4F4004FCE14 /* Main.storyboard */; };
		A1D95F7D1E66B4F4004FCE14 /* Assets.xcassets in Resources */ = {isa = PBXBuildFile; fileRef = A1D95F7C1E66B4F4004FCE14 /* Assets.xcassets */; };
		A1D95F801E66B4F4004FCE14 /* LaunchScreen.storyboard in Resources */ = {isa = PBXBuildFile; fileRef = A1D95F7E1E66B4F4004FCE14 /* LaunchScreen.storyboard */; };
		A1F3C81A1E6EA21000EE7ED3 /* RatingControl.swift in Sources */ = {isa = PBXBuildFile; fileRef = A1F3C8191E6EA21000EE7ED3 /* RatingControl.swift */; };
/* End PBXBuildFile section */

/* Begin PBXFileReference section */
		A1D95F721E66B4F4004FCE14 /* myFirstApplication.app */ = {isa = PBXFileReference; explicitFileType = wrapper.application; includeInIndex = 0; path = myFirstApplication.app; sourceTree = BUILT_PRODUCTS_DIR; };
		A1D95F751E66B4F4004FCE14 /* AppDelegate.swift */ = {isa = PBXFileReference; lastKnownFileType = sourcecode.swift; path = AppDelegate.swift; sourceTree = "<group>"; };
		A1D95F771E66B4F4004FCE14 /* ViewController.swift */ = {isa = PBXFileReference; lastKnownFileType = sourcecode.swift; path = ViewController.swift; sourceTree = "<group>"; };
		A1D95F7A1E66B4F4004FCE14 /* Base */ = {isa = PBXFileReference; lastKnownFileType = file.storyboard; name = Base; path = Base.lproj/Main.storyboard; sourceTree = "<group>"; };
		A1D95F7C1E66B4F4004FCE14 /* Assets.xcassets */ = {isa = PBXFileReference; lastKnownFileType = folder.assetcatalog; path = Assets.xcassets; sourceTree = "<group>"; };
		A1D95F7F1E66B4F4004FCE14 /* Base */ = {isa = PBXFileReference; lastKnownFileType = file.storyboard; name = Base; path = Base.lproj/LaunchScreen.storyboard; sourceTree = "<group>"; };
		A1D95F811E66B4F4004FCE14 /* Info.plist */ = {isa = PBXFileReference; lastKnownFileType = text.plist.xml; path = Info.plist; sourceTree = "<group>"; };
		A1F3C8191E6EA21000EE7ED3 /* RatingControl.swift */ = {isa = PBXFileReference; fileEncoding = 4; lastKnownFileType = sourcecode.swift; path = RatingControl.swift; sourceTree = "<group>"; };
/* End PBXFileReference section */

/* Begin PBXFrameworksBuildPhase section */
		A1D95F6F1E66B4F3004FCE14 /* Frameworks */ = {
			isa = PBXFrameworksBuildPhase;
			buildActionMask = 2147483647;
			files = (
			);
			runOnlyForDeploymentPostprocessing = 0;
		};
/* End PBXFrameworksBuildPhase section */

/* Begin PBXGroup section */
		A1D95F691E66B4F3004FCE14 = {
			isa = PBXGroup;
			children = (
				A1D95F741E66B4F4004FCE14 /* myFirstApplication */,
				A1D95F731E66B4F4004FCE14 /* Products */,
			);
			sourceTree = "<group>";
		};
		A1D95F731E66B4F4004FCE14 /* Products */ = {
			isa = PBXGroup;
			children = (
				A1D95F721E66B4F4004FCE14 /* myFirstApplication.app */,
			);
			name = Products;
			sourceTree = "<group>";
		};
		A1D95F741E66B4F4004FCE14 /* myFirstApplication */ = {
			isa = PBXGroup;
			children = (
				A1F3C8181E6EA1A700EE7ED3 /* CustomViews */,
				A1D95F751E66B4F4004FCE14 /* AppDelegate.swift */,
				A1D95F771E66B4F4004FCE14 /* ViewController.swift */,
				A1D95F791E66B4F4004FCE14 /* Main.storyboard */,
				A1D95F7C1E66B4F4004FCE14 /* Assets.xcassets */,
				A1D95F7E1E66B4F4004FCE14 /* LaunchScreen.storyboard */,
				A1D95F811E66B4F4004FCE14 /* Info.plist */,
			);
			path = myFirstApplication;
			sourceTree = "<group>";
		};
		A1F3C8181E6EA1A700EE7ED3 /* CustomViews */ = {
			isa = PBXGroup;
			children = (
				A1F3C8191E6EA21000EE7ED3 /* RatingControl.swift */,
			);
			name = CustomViews;
			sourceTree = "<group>";
		};
/* End PBXGroup section */

/* Begin PBXNativeTarget section */
		A1D95F711E66B4F3004FCE14 /* myFirstApplication */ = {
			isa = PBXNativeTarget;
			buildConfigurationList = A1D95F841E66B4F4004FCE14 /* Build configuration list for PBXNativeTarget "myFirstApplication" */;
			buildPhases = (
				A1D95F6E1E66B4F3004FCE14 /* Sources */,
				A1D95F6F1E66B4F3004FCE14 /* Frameworks */,
				A1D95F701E66B4F3004FCE14 /* Resources */,
			);
			buildRules = (
			);
			dependencies = (
			);
			name = myFirstApplication;
			productName = myFirstApplication;
			productReference = A1D95F721E66B4F4004FCE14 /* myFirstApplication.app */;
			productType = "com.apple.product-type.application";
		};
/* End PBXNativeTarget section */

/* Begin PBXProject section */
		A1D95F6A1E66B4F3004FCE14 /* Project object */ = {
			isa = PBXProject;
			attributes = {
				LastSwiftUpdateCheck = 0820;
				LastUpgradeCheck = 0820;
				ORGANIZATIONNAME = "Emmanuel Chagnas";
				TargetAttributes = {
					A1D95F711E66B4F3004FCE14 = {
						CreatedOnToolsVersion = 8.2.1;
						ProvisioningStyle = Automatic;
					};
				};
			};
			buildConfigurationList = A1D95F6D1E66B4F3004FCE14 /* Build configuration list for PBXProject "myFirstApplication" */;
			compatibilityVersion = "Xcode 3.2";
			developmentRegion = English;
			hasScannedForEncodings = 0;
			knownRegions = (
				en,
				Base,
			);
			mainGroup = A1D95F691E66B4F3004FCE14;
			productRefGroup = A1D95F731E66B4F4004FCE14 /* Products */;
			projectDirPath = "";
			projectRoot = "";
			targets = (
				A1D95F711E66B4F3004FCE14 /* myFirstApplication */,
			);
		};
/* End PBXProject section */

/* Begin PBXResourcesBuildPhase section */
		A1D95F701E66B4F3004FCE14 /* Resources */ = {
			isa = PBXResourcesBuildPhase;
			buildActionMask = 2147483647;
			files = (
				A1D95F801E66B4F4004FCE14 /* LaunchScreen.storyboard in Resources */,
				A1D95F7D1E66B4F4004FCE14 /* Assets.xcassets in Resources */,
				A1D95F7B1E66B4F4004FCE14 /* Main.storyboard in Resources */,
			);
			runOnlyForDeploymentPostprocessing = 0;
		};
/* End PBXResourcesBuildPhase section */

/* Begin PBXSourcesBuildPhase section */
		A1D95F6E1E66B4F3004FCE14 /* Sources */ = {
			isa = PBXSourcesBuildPhase;
			buildActionMask = 2147483647;
			files = (
				A1D95F781E66B4F4004FCE14 /* ViewController.swift in Sources */,
				A1F3C81A1E6EA21000EE7ED3 /* RatingControl.swift in Sources */,
				A1D95F761E66B4F4004FCE14 /* AppDelegate.swift in Sources */,
			);
			runOnlyForDeploymentPostprocessing = 0;
		};
/* End PBXSourcesBuildPhase section */

/* Begin PBXVariantGroup section */
		A1D95F791E66B4F4004FCE14 /* Main.storyboard */ = {
			isa = PBXVariantGroup;
			children = (
				A1D95F7A1E66B4F4004FCE14 /* Base */,
			);
			name = Main.storyboard;
			sourceTree = "<group>";
		};
		A1D95F7E1E66B4F4004FCE14 /* LaunchScreen.storyboard */ = {
			isa = PBXVariantGroup;
			children = (
				A1D95F7F1E66B4F4004FCE14 /* Base */,
			);
			name = LaunchScreen.storyboard;
			sourceTree = "<group>";
		};
/* End PBXVariantGroup section */

/* Begin XCBuildConfiguration section */
		A1D95F821E66B4F4004FCE14 /* Debug */ = {
			isa = XCBuildConfiguration;
			buildSettings = {
				ALWAYS_SEARCH_USER_PATHS = NO;
				CLANG_ANALYZER_NONNULL = YES;
				CLANG_CXX_LANGUAGE_STANDARD = "gnu++0x";
				CLANG_CXX_LIBRARY = "libc++";
				CLANG_ENABLE_MODULES = YES;
				CLANG_ENABLE_OBJC_ARC = YES;
				CLANG_WARN_BOOL_CONVERSION = YES;
				CLANG_WARN_CONSTANT_CONVERSION = YES;
				CLANG_WARN_DIRECT_OBJC_ISA_USAGE = YES_ERROR;
				CLANG_WARN_DOCUMENTATION_COMMENTS = YES;
				CLANG_WARN_EMPTY_BODY = YES;
				CLANG_WARN_ENUM_CONVERSION = YES;
				CLANG_WARN_INFINITE_RECURSION = YES;
				CLANG_WARN_INT_CONVERSION = YES;
				CLANG_WARN_OBJC_ROOT_CLASS = YES_ERROR;
				CLANG_WARN_SUSPICIOUS_MOVE = YES;
				CLANG_WARN_UNREACHABLE_CODE = YES;
				CLANG_WARN__DUPLICATE_METHOD_MATCH = YES;
				"CODE_SIGN_IDENTITY[sdk=iphoneos*]" = "iPhone Developer";
				COPY_PHASE_STRIP = NO;
				DEBUG_INFORMATION_FORMAT = dwarf;
				ENABLE_STRICT_OBJC_MSGSEND = YES;
				ENABLE_TESTABILITY = YES;
				GCC_C_LANGUAGE_STANDARD = gnu99;
				GCC_DYNAMIC_NO_PIC = NO;
				GCC_NO_COMMON_BLOCKS = YES;
				GCC_OPTIMIZATION_LEVEL = 0;
				GCC_PREPROCESSOR_DEFINITIONS = (
					"DEBUG=1",
					"$(inherited)",
				);
				GCC_WARN_64_TO_32_BIT_CONVERSION = YES;
				GCC_WARN_ABOUT_RETURN_TYPE = YES_ERROR;
				GCC_WARN_UNDECLARED_SELECTOR = YES;
				GCC_WARN_UNINITIALIZED_AUTOS = YES_AGGRESSIVE;
				GCC_WARN_UNUSED_FUNCTION = YES;
				GCC_WARN_UNUSED_VARIABLE = YES;
				IPHONEOS_DEPLOYMENT_TARGET = 10.2;
				MTL_ENABLE_DEBUG_INFO = YES;
				ONLY_ACTIVE_ARCH = YES;
				SDKROOT = iphoneos;
				SWIFT_ACTIVE_COMPILATION_CONDITIONS = DEBUG;
				SWIFT_OPTIMIZATION_LEVEL = "-Onone";
			};
			name = Debug;
		};
		A1D95F831E66B4F4004FCE14 /* Release */ = {
			isa = XCBuildConfiguration;
			buildSettings = {
				ALWAYS_SEARCH_USER_PATHS = NO;
				CLANG_ANALYZER_NONNULL = YES;
				CLANG_CXX_LANGUAGE_STANDARD = "gnu++0x";
				CLANG_CXX_LIBRARY = "libc++";
				CLANG_ENABLE_MODULES = YES;
				CLANG_ENABLE_OBJC_ARC = YES;
				CLANG_WARN_BOOL_CONVERSION = YES;
				CLANG_WARN_CONSTANT_CONVERSION = YES;
				CLANG_WARN_DIRECT_OBJC_ISA_USAGE = YES_ERROR;
				CLANG_WARN_DOCUMENTATION_COMMENTS = YES;
				CLANG_WARN_EMPTY_BODY = YES;
				CLANG_WARN_ENUM_CONVERSION = YES;
				CLANG_WARN_INFINITE_RECURSION = YES;
				CLANG_WARN_INT_CONVERSION = YES;
				CLANG_WARN_OBJC_ROOT_CLASS = YES_ERROR;
				CLANG_WARN_SUSPICIOUS_MOVE = YES;
				CLANG_WARN_UNREACHABLE_CODE = YES;
				CLANG_WARN__DUPLICATE_METHOD_MATCH = YES;
				"CODE_SIGN_IDENTITY[sdk=iphoneos*]" = "iPhone Developer";
				COPY_PHASE_STRIP = NO;
				DEBUG_INFORMATION_FORMAT = "dwarf-with-dsym";
				ENABLE_NS_ASSERTIONS = NO;
				ENABLE_STRICT_OBJC_MSGSEND = YES;
				GCC_C_LANGUAGE_STANDARD = gnu99;
				GCC_NO_COMMON_BLOCKS = YES;
				GCC_WARN_64_TO_32_BIT_CONVERSION = YES;
				GCC_WARN_ABOUT_RETURN_TYPE = YES_ERROR;
				GCC_WARN_UNDECLARED_SELECTOR = YES;
				GCC_WARN_UNINITIALIZED_AUTOS = YES_AGGRESSIVE;
				GCC_WARN_UNUSED_FUNCTION = YES;
				GCC_WARN_UNUSED_VARIABLE = YES;
				IPHONEOS_DEPLOYMENT_TARGET = 10.2;
				MTL_ENABLE_DEBUG_INFO = NO;
				SDKROOT = iphoneos;
				SWIFT_OPTIMIZATION_LEVEL = "-Owholemodule";
				VALIDATE_PRODUCT = YES;
			};
			name = Release;
		};
		A1D95F851E66B4F4004FCE14 /* Debug */ = {
			isa = XCBuildConfiguration;
			buildSettings = {
				ASSETCATALOG_COMPILER_APPICON_NAME = AppIcon;
				INFOPLIST_FILE = myFirstApplication/Info.plist;
				LD_RUNPATH_SEARCH_PATHS = "$(inherited) @executable_path/Frameworks";
				PRODUCT_BUNDLE_IDENTIFIER = com.echagnas.myFirstApplication;
				PRODUCT_NAME = "$(TARGET_NAME)";
				SWIFT_VERSION = 3.0;
			};
			name = Debug;
		};
		A1D95F861E66B4F4004FCE14 /* Release */ = {
			isa = XCBuildConfiguration;
			buildSettings = {
				ASSETCATALOG_COMPILER_APPICON_NAME = AppIcon;
				INFOPLIST_FILE = myFirstApplication/Info.plist;
				LD_RUNPATH_SEARCH_PATHS = "$(inherited) @executable_path/Frameworks";
				PRODUCT_BUNDLE_IDENTIFIER = com.echagnas.myFirstApplication;
				PRODUCT_NAME = "$(TARGET_NAME)";
				SWIFT_VERSION = 3.0;
			};
			name = Release;
		};
/* End XCBuildConfiguration section */

/* Begin XCConfigurationList section */
		A1D95F6D1E66B4F3004FCE14 /* Build configuration list for PBXProject "myFirstApplication" */ = {
			isa = XCConfigurationList;
			buildConfigurations = (
				A1D95F821E66B4F4004FCE14 /* Debug */,
				A1D95F831E66B4F4004FCE14 /* Release */,
			);
			defaultConfigurationIsVisible = 0;
			defaultConfigurationName = Release;
		};
		A1D95F841E66B4F4004FCE14 /* Build configuration list for PBXNativeTarget "myFirstApplication" */ = {
			isa = XCConfigurationList;
			buildConfigurations = (
				A1D95F851E66B4F4004FCE14 /* Debug */,
				A1D95F861E66B4F4004FCE14 /* Release */,
			);
			defaultConfigurationIsVisible = 0;
			defaultConfigurationName = Release;
		};
/* End XCConfigurationList section */
	};
	rootObject = A1D95F6A1E66B4F3004FCE14 /* Project object */;
}
